
Microsoft Visual Studio Solution File, Format Version 12.00
# Visual Studio 14
VisualStudioVersion = 14.0.25420.1
MinimumVisualStudioVersion = 10.0.40219.1
Project("{5DD5E4FA-CB73-4610-85AB-557B54E96AA9}") = "WinObjC.Build", "WinObjC.Build\WinObjC.Build.nuproj", "{ACC82389-F9EB-49E2-8F8A-C3A8D9360569}"
EndProject
Project("{2150E333-8FDC-42A3-9474-1A3956D46DE8}") = "Solution Items", "Solution Items", "{ADC73541-2814-4B0C-9CEA-7EB4C971FC01}"
	ProjectSection(SolutionItems) = preProject
		nuget.config = nuget.config
	EndProjectSection
EndProject
Project("{FAE04EC0-301F-11D3-BF4B-00C04F79EFBC}") = "ClangCompile", "ClangCompileTask\ClangCompile.csproj", "{5C4F5580-8A68-4540-9BFE-F14FA7F31297}"
EndProject
Project("{FAE04EC0-301F-11D3-BF4B-00C04F79EFBC}") = "PropSchemaGen", "PropSchemaGen\PropSchemaGen.csproj", "{06DED017-9111-4288-B211-FC5ED4C78260}"
EndProject
Global
	GlobalSection(SolutionConfigurationPlatforms) = preSolution
		Debug|Any CPU = Debug|Any CPU
		Release|Any CPU = Release|Any CPU
	EndGlobalSection
	GlobalSection(ProjectConfigurationPlatforms) = postSolution
		{ACC82389-F9EB-49E2-8F8A-C3A8D9360569}.Debug|Any CPU.ActiveCfg = Debug|Any CPU
		{ACC82389-F9EB-49E2-8F8A-C3A8D9360569}.Debug|Any CPU.Build.0 = Debug|Any CPU
		{ACC82389-F9EB-49E2-8F8A-C3A8D9360569}.Release|Any CPU.ActiveCfg = Release|Any CPU
		{ACC82389-F9EB-49E2-8F8A-C3A8D9360569}.Release|Any CPU.Build.0 = Release|Any CPU
		{5C4F5580-8A68-4540-9BFE-F14FA7F31297}.Debug|Any CPU.ActiveCfg = Debug|Any CPU
		{5C4F5580-8A68-4540-9BFE-F14FA7F31297}.Debug|Any CPU.Build.0 = Debug|Any CPU
		{5C4F5580-8A68-4540-9BFE-F14FA7F31297}.Release|Any CPU.ActiveCfg = Release|Any CPU
		{5C4F5580-8A68-4540-9BFE-F14FA7F31297}.Release|Any CPU.Build.0 = Release|Any CPU
		{06DED017-9111-4288-B211-FC5ED4C78260}.Debug|Any CPU.ActiveCfg = Debug|Any CPU
		{06DED017-9111-4288-B211-FC5ED4C78260}.Debug|Any CPU.Build.0 = Debug|Any CPU
		{06DED017-9111-4288-B211-FC5ED4C78260}.Release|Any CPU.ActiveCfg = Release|Any CPU
		{06DED017-9111-4288-B211-FC5ED4C78260}.Release|Any CPU.Build.0 = Release|Any CPU
	EndGlobalSection
	GlobalSection(SolutionProperties) = preSolution
		HideSolutionNode = FALSE
	EndGlobalSection
EndGlobal
